
Microsoft Visual Studio Solution File, Format Version 12.00
# Visual Studio Version 16
VisualStudioVersion = 16.0.30104.148
MinimumVisualStudioVersion = 10.0.40219.1
Project("{FAE04EC0-301F-11D3-BF4B-00C04F79EFBC}") = "GuessNumberGameBinarySearch", "GuessNumberGameBinarySearch.csproj", "{019E8957-1F8D-4126-B4C1-19C3A80A66BF}"
EndProject
Global
	GlobalSection(SolutionConfigurationPlatforms) = preSolution
		Debug|Any CPU = Debug|Any CPU
		Release|Any CPU = Release|Any CPU
	EndGlobalSection
	GlobalSection(ProjectConfigurationPlatforms) = postSolution
		{019E8957-1F8D-4126-B4C1-19C3A80A66BF}.Debug|Any CPU.ActiveCfg = Debug|Any CPU
		{019E8957-1F8D-4126-B4C1-19C3A80A66BF}.Debug|Any CPU.Build.0 = Debug|Any CPU
		{019E8957-1F8D-4126-B4C1-19C3A80A66BF}.Release|Any CPU.ActiveCfg = Release|Any CPU
		{019E8957-1F8D-4126-B4C1-19C3A80A66BF}.Release|Any CPU.Build.0 = Release|Any CPU
	EndGlobalSection
	GlobalSection(SolutionProperties) = preSolution
		HideSolutionNode = FALSE
	EndGlobalSection
	GlobalSection(ExtensibilityGlobals) = postSolution
		SolutionGuid = {1A21DE1A-6E2F-4172-9E61-26D79044A662}
	EndGlobalSection
EndGlobal
